
Microsoft Visual Studio Solution File, Format Version 12.00
# Visual Studio 15
VisualStudioVersion = 15.0.28307.168
MinimumVisualStudioVersion = 10.0.40219.1
Project("{FAE04EC0-301F-11D3-BF4B-00C04F79EFBC}") = "MyExam", "MyExam\MyExam.csproj", "{D006963C-BE1F-4071-96DE-86FD7A114041}"
EndProject
Global
	GlobalSection(SolutionConfigurationPlatforms) = preSolution
		Debug|Any CPU = Debug|Any CPU
		Release|Any CPU = Release|Any CPU
	EndGlobalSection
	GlobalSection(ProjectConfigurationPlatforms) = postSolution
		{D006963C-BE1F-4071-96DE-86FD7A114041}.Debug|Any CPU.ActiveCfg = Debug|Any CPU
		{D006963C-BE1F-4071-96DE-86FD7A114041}.Debug|Any CPU.Build.0 = Debug|Any CPU
		{D006963C-BE1F-4071-96DE-86FD7A114041}.Release|Any CPU.ActiveCfg = Release|Any CPU
		{D006963C-BE1F-4071-96DE-86FD7A114041}.Release|Any CPU.Build.0 = Release|Any CPU
	EndGlobalSection
	GlobalSection(SolutionProperties) = preSolution
		HideSolutionNode = FALSE
	EndGlobalSection
	GlobalSection(ExtensibilityGlobals) = postSolution
		SolutionGuid = {AB14A9FC-E670-40C5-B852-19FCF94AA8CF}
	EndGlobalSection
EndGlobal
